# This file is automatically @generated by Cargo.
# It is not intended for manual editing.
version = 4

[[package]]
name = "leo4-abi"
version = "0.1.0"

[[package]]
name = "leo4-oxilean"
version = "0.0.0"
dependencies = [
 "leo4-abi",
 "oxilean-kernel",
 "oxilean-runtime",
]

[[package]]
name = "oxilean-kernel"
version = "0.1.2"

[[package]]
name = "oxilean-runtime"
version = "0.1.2"
dependencies = [
 "oxilean-kernel",
]

[[patch.unused]]
name = "oxilean-codegen"
version = "0.1.2"

[[patch.unused]]
name = "oxilean-elab"
version = "0.1.2"

[[patch.unused]]
name = "oxilean-meta"
version = "0.1.2"

[[patch.unused]]
name = "oxilean-parse"
version = "0.1.2"
